
Microsoft Visual Studio Solution File, Format Version 12.00
# Visual Studio Version 16
VisualStudioVersion = 16.0.29920.165
MinimumVisualStudioVersion = 10.0.40219.1
Project("{9A19103F-16F7-4668-BE54-9A1E7A4F7556}") = "MMTShop.API", "MMTShop.API\MMTShop.API.csproj", "{D31294A9-C356-479D-A474-ABD1971B581C}"
EndProject
Project("{9A19103F-16F7-4668-BE54-9A1E7A4F7556}") = "MMTShop.Business", "MMTShop.Business\MMTShop.Business.csproj", "{81F22F3D-8EBB-42C1-B175-6D9670DBB94D}"
EndProject
Project("{9A19103F-16F7-4668-BE54-9A1E7A4F7556}") = "MMTShop.Models", "MMTShop.Models\MMTShop.Models.csproj", "{DABC8A2F-64C1-4D9C-9FD1-599D62336E63}"
EndProject
Project("{9A19103F-16F7-4668-BE54-9A1E7A4F7556}") = "MMTShop.Common", "MMTShop.Common\MMTShop.Common.csproj", "{F6B42141-3DF7-4AD3-B887-A41BEDD1FBD4}"
EndProject
Project("{FAE04EC0-301F-11D3-BF4B-00C04F79EFBC}") = "MMTShop.ConsoleApp", "MMTShop.ConsoleApp\MMTShop.ConsoleApp.csproj", "{270B5726-D562-45C6-8529-DD4EB75F63C6}"
EndProject
Global
	GlobalSection(SolutionConfigurationPlatforms) = preSolution
		Debug|Any CPU = Debug|Any CPU
		Release|Any CPU = Release|Any CPU
	EndGlobalSection
	GlobalSection(ProjectConfigurationPlatforms) = postSolution
		{D31294A9-C356-479D-A474-ABD1971B581C}.Debug|Any CPU.ActiveCfg = Debug|Any CPU
		{D31294A9-C356-479D-A474-ABD1971B581C}.Debug|Any CPU.Build.0 = Debug|Any CPU
		{D31294A9-C356-479D-A474-ABD1971B581C}.Release|Any CPU.ActiveCfg = Release|Any CPU
		{D31294A9-C356-479D-A474-ABD1971B581C}.Release|Any CPU.Build.0 = Release|Any CPU
		{81F22F3D-8EBB-42C1-B175-6D9670DBB94D}.Debug|Any CPU.ActiveCfg = Debug|Any CPU
		{81F22F3D-8EBB-42C1-B175-6D9670DBB94D}.Debug|Any CPU.Build.0 = Debug|Any CPU
		{81F22F3D-8EBB-42C1-B175-6D9670DBB94D}.Release|Any CPU.ActiveCfg = Release|Any CPU
		{81F22F3D-8EBB-42C1-B175-6D9670DBB94D}.Release|Any CPU.Build.0 = Release|Any CPU
		{DABC8A2F-64C1-4D9C-9FD1-599D62336E63}.Debug|Any CPU.ActiveCfg = Debug|Any CPU
		{DABC8A2F-64C1-4D9C-9FD1-599D62336E63}.Debug|Any CPU.Build.0 = Debug|Any CPU
		{DABC8A2F-64C1-4D9C-9FD1-599D62336E63}.Release|Any CPU.ActiveCfg = Release|Any CPU
		{DABC8A2F-64C1-4D9C-9FD1-599D62336E63}.Release|Any CPU.Build.0 = Release|Any CPU
		{F6B42141-3DF7-4AD3-B887-A41BEDD1FBD4}.Debug|Any CPU.ActiveCfg = Debug|Any CPU
		{F6B42141-3DF7-4AD3-B887-A41BEDD1FBD4}.Debug|Any CPU.Build.0 = Debug|Any CPU
		{F6B42141-3DF7-4AD3-B887-A41BEDD1FBD4}.Release|Any CPU.ActiveCfg = Release|Any CPU
		{F6B42141-3DF7-4AD3-B887-A41BEDD1FBD4}.Release|Any CPU.Build.0 = Release|Any CPU
		{270B5726-D562-45C6-8529-DD4EB75F63C6}.Debug|Any CPU.ActiveCfg = Debug|Any CPU
		{270B5726-D562-45C6-8529-DD4EB75F63C6}.Debug|Any CPU.Build.0 = Debug|Any CPU
		{270B5726-D562-45C6-8529-DD4EB75F63C6}.Release|Any CPU.ActiveCfg = Release|Any CPU
		{270B5726-D562-45C6-8529-DD4EB75F63C6}.Release|Any CPU.Build.0 = Release|Any CPU
	EndGlobalSection
	GlobalSection(SolutionProperties) = preSolution
		HideSolutionNode = FALSE
	EndGlobalSection
	GlobalSection(ExtensibilityGlobals) = postSolution
		SolutionGuid = {11B5360F-849E-4F35-8623-79C6B725D9B2}
	EndGlobalSection
EndGlobal
